// !$*UTF8*$!
{
	archiveVersion = 1;
	classes = {
	};
	objectVersion = 56;
	objects = {

/* Begin PBXBuildFile section */
		AE69B1502B909F4C00247433 /* MainTabView.swift in Sources */ = {isa = PBXBuildFile; fileRef = AE69B14F2B909F4C00247433 /* MainTabView.swift */; };
		AE69B1542B90D4FD00247433 /* FireUser.swift in Sources */ = {isa = PBXBuildFile; fileRef = AE69B1532B90D4FD00247433 /* FireUser.swift */; };
		AE69B1562B90D7A600247433 /* GoogleService-Info.plist in Resources */ = {isa = PBXBuildFile; fileRef = AE69B1552B90D7A600247433 /* GoogleService-Info.plist */; };
		AE69B1592B90D7EF00247433 /* FirebaseAnalytics in Frameworks */ = {isa = PBXBuildFile; productRef = AE69B1582B90D7EF00247433 /* FirebaseAnalytics */; };
		AE69B15B2B90D7EF00247433 /* FirebaseAnalyticsOnDeviceConversion in Frameworks */ = {isa = PBXBuildFile; productRef = AE69B15A2B90D7EF00247433 /* FirebaseAnalyticsOnDeviceConversion */; };
		AE69B15D2B90D7EF00247433 /* FirebaseAnalyticsSwift in Frameworks */ = {isa = PBXBuildFile; productRef = AE69B15C2B90D7EF00247433 /* FirebaseAnalyticsSwift */; };
		AE69B15F2B90D7EF00247433 /* FirebaseAnalyticsWithoutAdIdSupport in Frameworks */ = {isa = PBXBuildFile; productRef = AE69B15E2B90D7EF00247433 /* FirebaseAnalyticsWithoutAdIdSupport */; };
		AE69B1612B90D7EF00247433 /* FirebaseAppCheck in Frameworks */ = {isa = PBXBuildFile; productRef = AE69B1602B90D7EF00247433 /* FirebaseAppCheck */; };
		AE69B1632B90D7EF00247433 /* FirebaseAppDistribution-Beta in Frameworks */ = {isa = PBXBuildFile; productRef = AE69B1622B90D7EF00247433 /* FirebaseAppDistribution-Beta */; };
		AE69B1652B90D7EF00247433 /* FirebaseAuth in Frameworks */ = {isa = PBXBuildFile; productRef = AE69B1642B90D7EF00247433 /* FirebaseAuth */; };
		AE69B1672B90D7EF00247433 /* FirebaseAuthCombine-Community in Frameworks */ = {isa = PBXBuildFile; productRef = AE69B1662B90D7EF00247433 /* FirebaseAuthCombine-Community */; };
		AE69B1692B90D7EF00247433 /* FirebaseCrashlytics in Frameworks */ = {isa = PBXBuildFile; productRef = AE69B1682B90D7EF00247433 /* FirebaseCrashlytics */; };
		AE69B16B2B90D7EF00247433 /* FirebaseDatabase in Frameworks */ = {isa = PBXBuildFile; productRef = AE69B16A2B90D7EF00247433 /* FirebaseDatabase */; };
		AE69B16D2B90D7EF00247433 /* FirebaseDatabaseSwift in Frameworks */ = {isa = PBXBuildFile; productRef = AE69B16C2B90D7EF00247433 /* FirebaseDatabaseSwift */; };
		AE69B16F2B90D7EF00247433 /* FirebaseDynamicLinks in Frameworks */ = {isa = PBXBuildFile; productRef = AE69B16E2B90D7EF00247433 /* FirebaseDynamicLinks */; };
		AE69B1712B90D7EF00247433 /* FirebaseFirestore in Frameworks */ = {isa = PBXBuildFile; productRef = AE69B1702B90D7EF00247433 /* FirebaseFirestore */; };
		AE69B1732B90D7EF00247433 /* FirebaseFirestoreCombine-Community in Frameworks */ = {isa = PBXBuildFile; productRef = AE69B1722B90D7EF00247433 /* FirebaseFirestoreCombine-Community */; };
		AE69B1752B90D7EF00247433 /* FirebaseFirestoreSwift in Frameworks */ = {isa = PBXBuildFile; productRef = AE69B1742B90D7EF00247433 /* FirebaseFirestoreSwift */; };
		AE69B1772B90D7EF00247433 /* FirebaseFunctions in Frameworks */ = {isa = PBXBuildFile; productRef = AE69B1762B90D7EF00247433 /* FirebaseFunctions */; };
		AE69B1792B90D7EF00247433 /* FirebaseFunctionsCombine-Community in Frameworks */ = {isa = PBXBuildFile; productRef = AE69B1782B90D7EF00247433 /* FirebaseFunctionsCombine-Community */; };
		AE69B17B2B90D7EF00247433 /* FirebaseInAppMessaging-Beta in Frameworks */ = {isa = PBXBuildFile; productRef = AE69B17A2B90D7EF00247433 /* FirebaseInAppMessaging-Beta */; };
		AE69B17D2B90D7EF00247433 /* FirebaseInAppMessagingSwift-Beta in Frameworks */ = {isa = PBXBuildFile; productRef = AE69B17C2B90D7EF00247433 /* FirebaseInAppMessagingSwift-Beta */; };
		AE69B17F2B90D7EF00247433 /* FirebaseInstallations in Frameworks */ = {isa = PBXBuildFile; productRef = AE69B17E2B90D7EF00247433 /* FirebaseInstallations */; };
		AE69B1812B90D7EF00247433 /* FirebaseMLModelDownloader in Frameworks */ = {isa = PBXBuildFile; productRef = AE69B1802B90D7EF00247433 /* FirebaseMLModelDownloader */; };
		AE69B1832B90D7EF00247433 /* FirebaseMessaging in Frameworks */ = {isa = PBXBuildFile; productRef = AE69B1822B90D7EF00247433 /* FirebaseMessaging */; };
		AE69B1852B90D7EF00247433 /* FirebasePerformance in Frameworks */ = {isa = PBXBuildFile; productRef = AE69B1842B90D7EF00247433 /* FirebasePerformance */; };
		AE69B1872B90D7EF00247433 /* FirebaseRemoteConfig in Frameworks */ = {isa = PBXBuildFile; productRef = AE69B1862B90D7EF00247433 /* FirebaseRemoteConfig */; };
		AE69B1892B90D7EF00247433 /* FirebaseRemoteConfigSwift in Frameworks */ = {isa = PBXBuildFile; productRef = AE69B1882B90D7EF00247433 /* FirebaseRemoteConfigSwift */; };
		AE69B18B2B90D7EF00247433 /* FirebaseStorage in Frameworks */ = {isa = PBXBuildFile; productRef = AE69B18A2B90D7EF00247433 /* FirebaseStorage */; };
		AE69B18D2B90D7EF00247433 /* FirebaseStorageCombine-Community in Frameworks */ = {isa = PBXBuildFile; productRef = AE69B18C2B90D7EF00247433 /* FirebaseStorageCombine-Community */; };
		AE69B1902B90D98900247433 /* FireBaseManager.swift in Sources */ = {isa = PBXBuildFile; fileRef = AE69B18F2B90D98900247433 /* FireBaseManager.swift */; };
		AE69B1922B90DF4300247433 /* SettingMainView.swift in Sources */ = {isa = PBXBuildFile; fileRef = AE69B1912B90DF4300247433 /* SettingMainView.swift */; };
		AE69B1972BA0A57000247433 /* SearchMainView.swift in Sources */ = {isa = PBXBuildFile; fileRef = AE69B1962BA0A57000247433 /* SearchMainView.swift */; };
		AE69B1992BA0A59800247433 /* MessagesMainView.swift in Sources */ = {isa = PBXBuildFile; fileRef = AE69B1982BA0A59800247433 /* MessagesMainView.swift */; };
		AE69B19B2BA0A5B900247433 /* ProfileMainView.swift in Sources */ = {isa = PBXBuildFile; fileRef = AE69B19A2BA0A5B900247433 /* ProfileMainView.swift */; };
		AE69B1A82BA1BF4400247433 /* FilterView.swift in Sources */ = {isa = PBXBuildFile; fileRef = AE69B1A72BA1BF4400247433 /* FilterView.swift */; };
		AE69B1AA2BA443EA00247433 /* DiscoverDetailView.swift in Sources */ = {isa = PBXBuildFile; fileRef = AE69B1A92BA443EA00247433 /* DiscoverDetailView.swift */; };
		AE69B1AD2BA446AD00247433 /* CommentView.swift in Sources */ = {isa = PBXBuildFile; fileRef = AE69B1AC2BA446AD00247433 /* CommentView.swift */; };
		AE69B1AF2BA4994D00247433 /* AddPictureView.swift in Sources */ = {isa = PBXBuildFile; fileRef = AE69B1AE2BA4994D00247433 /* AddPictureView.swift */; };
		AE9144AB2BB2D1810007F831 /* SettingViewModel.swift in Sources */ = {isa = PBXBuildFile; fileRef = AE9144AA2BB2D1810007F831 /* SettingViewModel.swift */; };
		AE9144AE2BB2D1A80007F831 /* SearchViewModel.swift in Sources */ = {isa = PBXBuildFile; fileRef = AE9144AD2BB2D1A80007F831 /* SearchViewModel.swift */; };
		AE9144B12BB2D1BD0007F831 /* MessagesViewModel.swift in Sources */ = {isa = PBXBuildFile; fileRef = AE9144B02BB2D1BD0007F831 /* MessagesViewModel.swift */; };
		AE9144B42BB2D1E50007F831 /* ProfileViewModel.swift in Sources */ = {isa = PBXBuildFile; fileRef = AE9144B32BB2D1E50007F831 /* ProfileViewModel.swift */; };
		AE9144B72BB2D1FB0007F831 /* DiscoverViewModel.swift in Sources */ = {isa = PBXBuildFile; fileRef = AE9144B62BB2D1FB0007F831 /* DiscoverViewModel.swift */; };
		AE9144BA2BB2D21C0007F831 /* AuthentifikationViewModel.swift in Sources */ = {isa = PBXBuildFile; fileRef = AE9144B92BB2D21C0007F831 /* AuthentifikationViewModel.swift */; };
		AE9144BC2BB420310007F831 /* NotificationView.swift in Sources */ = {isa = PBXBuildFile; fileRef = AE9144BB2BB420310007F831 /* NotificationView.swift */; };
		AE9144BE2BB4213E0007F831 /* UserView.swift in Sources */ = {isa = PBXBuildFile; fileRef = AE9144BD2BB4213E0007F831 /* UserView.swift */; };
		AE9144C02BB421610007F831 /* DatenschutzView.swift in Sources */ = {isa = PBXBuildFile; fileRef = AE9144BF2BB421610007F831 /* DatenschutzView.swift */; };
		AE9144C22BB421800007F831 /* AccountView.swift in Sources */ = {isa = PBXBuildFile; fileRef = AE9144C12BB421800007F831 /* AccountView.swift */; };
		AE9144C92BB427070007F831 /* SearchModel.swift in Sources */ = {isa = PBXBuildFile; fileRef = AE9144C82BB427070007F831 /* SearchModel.swift */; };
		AE9144CB2BB42A650007F831 /* SearchElement.swift in Sources */ = {isa = PBXBuildFile; fileRef = AE9144CA2BB42A650007F831 /* SearchElement.swift */; };
		AE9144CD2BB57AD00007F831 /* ProfilePictureSelectionView.swift in Sources */ = {isa = PBXBuildFile; fileRef = AE9144CC2BB57AD00007F831 /* ProfilePictureSelectionView.swift */; };
		AE93A2F52BC3D461003AA73F /* SearchDetailView.swift in Sources */ = {isa = PBXBuildFile; fileRef = AE93A2F42BC3D461003AA73F /* SearchDetailView.swift */; };
		AEFCDABD2B8DE25900D3BACD /* DiscoverApp.swift in Sources */ = {isa = PBXBuildFile; fileRef = AEFCDABC2B8DE25900D3BACD /* DiscoverApp.swift */; };
		AEFCDAC12B8DE25900D3BACD /* Assets.xcassets in Resources */ = {isa = PBXBuildFile; fileRef = AEFCDAC02B8DE25900D3BACD /* Assets.xcassets */; };
		AEFCDAC42B8DE25900D3BACD /* Preview Assets.xcassets in Resources */ = {isa = PBXBuildFile; fileRef = AEFCDAC32B8DE25900D3BACD /* Preview Assets.xcassets */; };
		AEFCDACC2B8DE2E700D3BACD /* Repository.swift in Sources */ = {isa = PBXBuildFile; fileRef = AEFCDACB2B8DE2E700D3BACD /* Repository.swift */; };
		AEFCDAD32B8DE62A00D3BACD /* RegistrierenView.swift in Sources */ = {isa = PBXBuildFile; fileRef = AEFCDAD22B8DE62A00D3BACD /* RegistrierenView.swift */; };
		AEFCDADC2B8DEDAE00D3BACD /* SplashScreen.swift in Sources */ = {isa = PBXBuildFile; fileRef = AEFCDADB2B8DEDAE00D3BACD /* SplashScreen.swift */; };
		AEFCDADE2B8DF25B00D3BACD /* AnmeldenView.swift in Sources */ = {isa = PBXBuildFile; fileRef = AEFCDADD2B8DF25B00D3BACD /* AnmeldenView.swift */; };
		AEFCDAE02B8DF28A00D3BACD /* AnmeldenPerView.swift in Sources */ = {isa = PBXBuildFile; fileRef = AEFCDADF2B8DF28A00D3BACD /* AnmeldenPerView.swift */; };
		AEFCDAFD2B8E104C00D3BACD /* DiscoverView.swift in Sources */ = {isa = PBXBuildFile; fileRef = AEFCDAFC2B8E104C00D3BACD /* DiscoverView.swift */; };
		AEFCDB052B8E1D9C00D3BACD /* FirePost.swift in Sources */ = {isa = PBXBuildFile; fileRef = AEFCDB042B8E1D9C00D3BACD /* FirePost.swift */; };
		AEFCDB072B8E283900D3BACD /* DiscoverListenElement.swift in Sources */ = {isa = PBXBuildFile; fileRef = AEFCDB062B8E283900D3BACD /* DiscoverListenElement.swift */; };
/* End PBXBuildFile section */

/* Begin PBXFileReference section */
		AE69B14F2B909F4C00247433 /* MainTabView.swift */ = {isa = PBXFileReference; lastKnownFileType = sourcecode.swift; path = MainTabView.swift; sourceTree = "<group>"; };
		AE69B1532B90D4FD00247433 /* FireUser.swift */ = {isa = PBXFileReference; lastKnownFileType = sourcecode.swift; path = FireUser.swift; sourceTree = "<group>"; };
		AE69B1552B90D7A600247433 /* GoogleService-Info.plist */ = {isa = PBXFileReference; fileEncoding = 4; lastKnownFileType = text.plist.xml; path = "GoogleService-Info.plist"; sourceTree = "<group>"; };
		AE69B18F2B90D98900247433 /* FireBaseManager.swift */ = {isa = PBXFileReference; lastKnownFileType = sourcecode.swift; path = FireBaseManager.swift; sourceTree = "<group>"; };
		AE69B1912B90DF4300247433 /* SettingMainView.swift */ = {isa = PBXFileReference; lastKnownFileType = sourcecode.swift; path = SettingMainView.swift; sourceTree = "<group>"; };
		AE69B1962BA0A57000247433 /* SearchMainView.swift */ = {isa = PBXFileReference; lastKnownFileType = sourcecode.swift; path = SearchMainView.swift; sourceTree = "<group>"; };
		AE69B1982BA0A59800247433 /* MessagesMainView.swift */ = {isa = PBXFileReference; lastKnownFileType = sourcecode.swift; path = MessagesMainView.swift; sourceTree = "<group>"; };
		AE69B19A2BA0A5B900247433 /* ProfileMainView.swift */ = {isa = PBXFileReference; lastKnownFileType = sourcecode.swift; path = ProfileMainView.swift; sourceTree = "<group>"; };
		AE69B1A72BA1BF4400247433 /* FilterView.swift */ = {isa = PBXFileReference; lastKnownFileType = sourcecode.swift; path = FilterView.swift; sourceTree = "<group>"; };
		AE69B1A92BA443EA00247433 /* DiscoverDetailView.swift */ = {isa = PBXFileReference; lastKnownFileType = sourcecode.swift; path = DiscoverDetailView.swift; sourceTree = "<group>"; };
		AE69B1AC2BA446AD00247433 /* CommentView.swift */ = {isa = PBXFileReference; lastKnownFileType = sourcecode.swift; path = CommentView.swift; sourceTree = "<group>"; };
		AE69B1AE2BA4994D00247433 /* AddPictureView.swift */ = {isa = PBXFileReference; lastKnownFileType = sourcecode.swift; path = AddPictureView.swift; sourceTree = "<group>"; };
		AE9144AA2BB2D1810007F831 /* SettingViewModel.swift */ = {isa = PBXFileReference; lastKnownFileType = sourcecode.swift; path = SettingViewModel.swift; sourceTree = "<group>"; };
		AE9144AD2BB2D1A80007F831 /* SearchViewModel.swift */ = {isa = PBXFileReference; lastKnownFileType = sourcecode.swift; path = SearchViewModel.swift; sourceTree = "<group>"; };
		AE9144B02BB2D1BD0007F831 /* MessagesViewModel.swift */ = {isa = PBXFileReference; lastKnownFileType = sourcecode.swift; path = MessagesViewModel.swift; sourceTree = "<group>"; };
		AE9144B32BB2D1E50007F831 /* ProfileViewModel.swift */ = {isa = PBXFileReference; lastKnownFileType = sourcecode.swift; path = ProfileViewModel.swift; sourceTree = "<group>"; };
		AE9144B62BB2D1FB0007F831 /* DiscoverViewModel.swift */ = {isa = PBXFileReference; lastKnownFileType = sourcecode.swift; path = DiscoverViewModel.swift; sourceTree = "<group>"; };
		AE9144B92BB2D21C0007F831 /* AuthentifikationViewModel.swift */ = {isa = PBXFileReference; lastKnownFileType = sourcecode.swift; path = AuthentifikationViewModel.swift; sourceTree = "<group>"; };
		AE9144BB2BB420310007F831 /* NotificationView.swift */ = {isa = PBXFileReference; lastKnownFileType = sourcecode.swift; path = NotificationView.swift; sourceTree = "<group>"; };
		AE9144BD2BB4213E0007F831 /* UserView.swift */ = {isa = PBXFileReference; lastKnownFileType = sourcecode.swift; path = UserView.swift; sourceTree = "<group>"; };
		AE9144BF2BB421610007F831 /* DatenschutzView.swift */ = {isa = PBXFileReference; lastKnownFileType = sourcecode.swift; path = DatenschutzView.swift; sourceTree = "<group>"; };
		AE9144C12BB421800007F831 /* AccountView.swift */ = {isa = PBXFileReference; lastKnownFileType = sourcecode.swift; path = AccountView.swift; sourceTree = "<group>"; };
		AE9144C82BB427070007F831 /* SearchModel.swift */ = {isa = PBXFileReference; lastKnownFileType = sourcecode.swift; path = SearchModel.swift; sourceTree = "<group>"; };
		AE9144CA2BB42A650007F831 /* SearchElement.swift */ = {isa = PBXFileReference; lastKnownFileType = sourcecode.swift; path = SearchElement.swift; sourceTree = "<group>"; };
		AE9144CC2BB57AD00007F831 /* ProfilePictureSelectionView.swift */ = {isa = PBXFileReference; lastKnownFileType = sourcecode.swift; path = ProfilePictureSelectionView.swift; sourceTree = "<group>"; };
		AE93A2F42BC3D461003AA73F /* SearchDetailView.swift */ = {isa = PBXFileReference; lastKnownFileType = sourcecode.swift; path = SearchDetailView.swift; sourceTree = "<group>"; };
		AEFCDAB92B8DE25900D3BACD /* Discover.app */ = {isa = PBXFileReference; explicitFileType = wrapper.application; includeInIndex = 0; path = Discover.app; sourceTree = BUILT_PRODUCTS_DIR; };
		AEFCDABC2B8DE25900D3BACD /* DiscoverApp.swift */ = {isa = PBXFileReference; lastKnownFileType = sourcecode.swift; path = DiscoverApp.swift; sourceTree = "<group>"; };
		AEFCDAC02B8DE25900D3BACD /* Assets.xcassets */ = {isa = PBXFileReference; lastKnownFileType = folder.assetcatalog; path = Assets.xcassets; sourceTree = "<group>"; };
		AEFCDAC32B8DE25900D3BACD /* Preview Assets.xcassets */ = {isa = PBXFileReference; lastKnownFileType = folder.assetcatalog; path = "Preview Assets.xcassets"; sourceTree = "<group>"; };
		AEFCDACB2B8DE2E700D3BACD /* Repository.swift */ = {isa = PBXFileReference; lastKnownFileType = sourcecode.swift; path = Repository.swift; sourceTree = "<group>"; };
		AEFCDAD22B8DE62A00D3BACD /* RegistrierenView.swift */ = {isa = PBXFileReference; lastKnownFileType = sourcecode.swift; path = RegistrierenView.swift; sourceTree = "<group>"; };
		AEFCDADB2B8DEDAE00D3BACD /* SplashScreen.swift */ = {isa = PBXFileReference; lastKnownFileType = sourcecode.swift; path = SplashScreen.swift; sourceTree = "<group>"; };
		AEFCDADD2B8DF25B00D3BACD /* AnmeldenView.swift */ = {isa = PBXFileReference; lastKnownFileType = sourcecode.swift; path = AnmeldenView.swift; sourceTree = "<group>"; };
		AEFCDADF2B8DF28A00D3BACD /* AnmeldenPerView.swift */ = {isa = PBXFileReference; lastKnownFileType = sourcecode.swift; path = AnmeldenPerView.swift; sourceTree = "<group>"; };
		AEFCDAFC2B8E104C00D3BACD /* DiscoverView.swift */ = {isa = PBXFileReference; lastKnownFileType = sourcecode.swift; path = DiscoverView.swift; sourceTree = "<group>"; };
		AEFCDB042B8E1D9C00D3BACD /* FirePost.swift */ = {isa = PBXFileReference; lastKnownFileType = sourcecode.swift; path = FirePost.swift; sourceTree = "<group>"; };
		AEFCDB062B8E283900D3BACD /* DiscoverListenElement.swift */ = {isa = PBXFileReference; lastKnownFileType = sourcecode.swift; path = DiscoverListenElement.swift; sourceTree = "<group>"; };
/* End PBXFileReference section */

/* Begin PBXFrameworksBuildPhase section */
		AEFCDAB62B8DE25900D3BACD /* Frameworks */ = {
			isa = PBXFrameworksBuildPhase;
			buildActionMask = 2147483647;
			files = (
				AE69B16B2B90D7EF00247433 /* FirebaseDatabase in Frameworks */,
				AE69B1792B90D7EF00247433 /* FirebaseFunctionsCombine-Community in Frameworks */,
				AE69B1712B90D7EF00247433 /* FirebaseFirestore in Frameworks */,
				AE69B15D2B90D7EF00247433 /* FirebaseAnalyticsSwift in Frameworks */,
				AE69B1592B90D7EF00247433 /* FirebaseAnalytics in Frameworks */,
				AE69B15B2B90D7EF00247433 /* FirebaseAnalyticsOnDeviceConversion in Frameworks */,
				AE69B1812B90D7EF00247433 /* FirebaseMLModelDownloader in Frameworks */,
				AE69B1752B90D7EF00247433 /* FirebaseFirestoreSwift in Frameworks */,
				AE69B1612B90D7EF00247433 /* FirebaseAppCheck in Frameworks */,
				AE69B15F2B90D7EF00247433 /* FirebaseAnalyticsWithoutAdIdSupport in Frameworks */,
				AE69B1652B90D7EF00247433 /* FirebaseAuth in Frameworks */,
				AE69B1692B90D7EF00247433 /* FirebaseCrashlytics in Frameworks */,
				AE69B1892B90D7EF00247433 /* FirebaseRemoteConfigSwift in Frameworks */,
				AE69B17B2B90D7EF00247433 /* FirebaseInAppMessaging-Beta in Frameworks */,
				AE69B16D2B90D7EF00247433 /* FirebaseDatabaseSwift in Frameworks */,
				AE69B1772B90D7EF00247433 /* FirebaseFunctions in Frameworks */,
				AE69B18D2B90D7EF00247433 /* FirebaseStorageCombine-Community in Frameworks */,
				AE69B1872B90D7EF00247433 /* FirebaseRemoteConfig in Frameworks */,
				AE69B1632B90D7EF00247433 /* FirebaseAppDistribution-Beta in Frameworks */,
				AE69B1672B90D7EF00247433 /* FirebaseAuthCombine-Community in Frameworks */,
				AE69B1852B90D7EF00247433 /* FirebasePerformance in Frameworks */,
				AE69B17D2B90D7EF00247433 /* FirebaseInAppMessagingSwift-Beta in Frameworks */,
				AE69B18B2B90D7EF00247433 /* FirebaseStorage in Frameworks */,
				AE69B16F2B90D7EF00247433 /* FirebaseDynamicLinks in Frameworks */,
				AE69B1732B90D7EF00247433 /* FirebaseFirestoreCombine-Community in Frameworks */,
				AE69B1832B90D7EF00247433 /* FirebaseMessaging in Frameworks */,
				AE69B17F2B90D7EF00247433 /* FirebaseInstallations in Frameworks */,
			);
			runOnlyForDeploymentPostprocessing = 0;
		};
/* End PBXFrameworksBuildPhase section */

/* Begin PBXGroup section */
		AE69B14E2B909F3500247433 /* TabBar */ = {
			isa = PBXGroup;
			children = (
				AE69B14F2B909F4C00247433 /* MainTabView.swift */,
			);
			path = TabBar;
			sourceTree = "<group>";
		};
		AE69B18E2B90D97A00247433 /* Manager */ = {
			isa = PBXGroup;
			children = (
				AE69B1A52BA1BEA000247433 /* Model */,
				AE69B18F2B90D98900247433 /* FireBaseManager.swift */,
			);
			path = Manager;
			sourceTree = "<group>";
		};
		AE69B1932BA0A53C00247433 /* Profile */ = {
			isa = PBXGroup;
			children = (
				AE9144B22BB2D1C40007F831 /* ViewModel */,
				AE69B1B02BA4995100247433 /* AddPicture */,
				AE69B19A2BA0A5B900247433 /* ProfileMainView.swift */,
				AE9144CC2BB57AD00007F831 /* ProfilePictureSelectionView.swift */,
			);
			path = Profile;
			sourceTree = "<group>";
		};
		AE69B1942BA0A54600247433 /* Messages */ = {
			isa = PBXGroup;
			children = (
				AE9144AF2BB2D1AD0007F831 /* ViewModel */,
				AE69B1982BA0A59800247433 /* MessagesMainView.swift */,
			);
			path = Messages;
			sourceTree = "<group>";
		};
		AE69B1952BA0A55400247433 /* Search */ = {
			isa = PBXGroup;
			children = (
				AE9144AC2BB2D1950007F831 /* ViewModel */,
				AE69B1962BA0A57000247433 /* SearchMainView.swift */,
				AE9144CA2BB42A650007F831 /* SearchElement.swift */,
				AE93A2F42BC3D461003AA73F /* SearchDetailView.swift */,
			);
			path = Search;
			sourceTree = "<group>";
		};
		AE69B19C2BA0A5F900247433 /* Setting */ = {
			isa = PBXGroup;
			children = (
				AE9144A92BB2D1680007F831 /* ViewModel */,
				AE69B1912B90DF4300247433 /* SettingMainView.swift */,
				AE9144BB2BB420310007F831 /* NotificationView.swift */,
				AE9144BD2BB4213E0007F831 /* UserView.swift */,
				AE9144BF2BB421610007F831 /* DatenschutzView.swift */,
				AE9144C12BB421800007F831 /* AccountView.swift */,
			);
			path = Setting;
			sourceTree = "<group>";
		};
		AE69B1A52BA1BEA000247433 /* Model */ = {
			isa = PBXGroup;
			children = (
				AEFCDB042B8E1D9C00D3BACD /* FirePost.swift */,
				AE69B1532B90D4FD00247433 /* FireUser.swift */,
			);
			path = Model;
			sourceTree = "<group>";
		};
		AE69B1A62BA1BF2000247433 /* Filter */ = {
			isa = PBXGroup;
			children = (
				AE69B1A72BA1BF4400247433 /* FilterView.swift */,
			);
			path = Filter;
			sourceTree = "<group>";
		};
		AE69B1AB2BA4469900247433 /* Coment */ = {
			isa = PBXGroup;
			children = (
				AE69B1AC2BA446AD00247433 /* CommentView.swift */,
			);
			path = Coment;
			sourceTree = "<group>";
		};
		AE69B1B02BA4995100247433 /* AddPicture */ = {
			isa = PBXGroup;
			children = (
				AE69B1AE2BA4994D00247433 /* AddPictureView.swift */,
			);
			path = AddPicture;
			sourceTree = "<group>";
		};
		AE9144A92BB2D1680007F831 /* ViewModel */ = {
			isa = PBXGroup;
			children = (
				AE9144AA2BB2D1810007F831 /* SettingViewModel.swift */,
			);
			path = ViewModel;
			sourceTree = "<group>";
		};
		AE9144AC2BB2D1950007F831 /* ViewModel */ = {
			isa = PBXGroup;
			children = (
				AE9144AD2BB2D1A80007F831 /* SearchViewModel.swift */,
			);
			path = ViewModel;
			sourceTree = "<group>";
		};
		AE9144AF2BB2D1AD0007F831 /* ViewModel */ = {
			isa = PBXGroup;
			children = (
				AE9144B02BB2D1BD0007F831 /* MessagesViewModel.swift */,
			);
			path = ViewModel;
			sourceTree = "<group>";
		};
		AE9144B22BB2D1C40007F831 /* ViewModel */ = {
			isa = PBXGroup;
			children = (
				AE9144B32BB2D1E50007F831 /* ProfileViewModel.swift */,
			);
			path = ViewModel;
			sourceTree = "<group>";
		};
		AE9144B52BB2D1EC0007F831 /* ViewModel */ = {
			isa = PBXGroup;
			children = (
				AE9144B62BB2D1FB0007F831 /* DiscoverViewModel.swift */,
			);
			path = ViewModel;
			sourceTree = "<group>";
		};
		AE9144B82BB2D20B0007F831 /* ViewModel */ = {
			isa = PBXGroup;
			children = (
				AE9144B92BB2D21C0007F831 /* AuthentifikationViewModel.swift */,
			);
			path = ViewModel;
			sourceTree = "<group>";
		};
		AE9144C32BB426BE0007F831 /* Model */ = {
			isa = PBXGroup;
			children = (
				AE9144C82BB427070007F831 /* SearchModel.swift */,
			);
			path = Model;
			sourceTree = "<group>";
		};
		AEFCDAB02B8DE25900D3BACD = {
			isa = PBXGroup;
			children = (
				AEFCDABB2B8DE25900D3BACD /* Discover */,
				AEFCDABA2B8DE25900D3BACD /* Products */,
			);
			sourceTree = "<group>";
		};
		AEFCDABA2B8DE25900D3BACD /* Products */ = {
			isa = PBXGroup;
			children = (
				AEFCDAB92B8DE25900D3BACD /* Discover.app */,
			);
			name = Products;
			sourceTree = "<group>";
		};
		AEFCDABB2B8DE25900D3BACD /* Discover */ = {
			isa = PBXGroup;
			children = (
				AE9144C32BB426BE0007F831 /* Model */,
				AE69B19C2BA0A5F900247433 /* Setting */,
				AE69B1952BA0A55400247433 /* Search */,
				AE69B1942BA0A54600247433 /* Messages */,
				AE69B1932BA0A53C00247433 /* Profile */,
				AEFCDAFB2B8E103900D3BACD /* Discover */,
				AE69B18E2B90D97A00247433 /* Manager */,
				AE69B14E2B909F3500247433 /* TabBar */,
				AEFCDACF2B8DE5ED00D3BACD /* Authentifikation */,
				AEFCDACA2B8DE2AC00D3BACD /* Datenbanken */,
				AEFCDABC2B8DE25900D3BACD /* DiscoverApp.swift */,
				AEFCDAC02B8DE25900D3BACD /* Assets.xcassets */,
				AEFCDAC22B8DE25900D3BACD /* Preview Content */,
			);
			path = Discover;
			sourceTree = "<group>";
		};
		AEFCDAC22B8DE25900D3BACD /* Preview Content */ = {
			isa = PBXGroup;
			children = (
				AE69B1552B90D7A600247433 /* GoogleService-Info.plist */,
				AEFCDAC32B8DE25900D3BACD /* Preview Assets.xcassets */,
			);
			path = "Preview Content";
			sourceTree = "<group>";
		};
		AEFCDACA2B8DE2AC00D3BACD /* Datenbanken */ = {
			isa = PBXGroup;
			children = (
				AEFCDACB2B8DE2E700D3BACD /* Repository.swift */,
			);
			path = Datenbanken;
			sourceTree = "<group>";
		};
		AEFCDACF2B8DE5ED00D3BACD /* Authentifikation */ = {
			isa = PBXGroup;
			children = (
				AE9144B82BB2D20B0007F831 /* ViewModel */,
				AEFCDADB2B8DEDAE00D3BACD /* SplashScreen.swift */,
				AEFCDAD12B8DE60E00D3BACD /* Anmelden */,
				AEFCDAD02B8DE60300D3BACD /* Registrieren */,
			);
			path = Authentifikation;
			sourceTree = "<group>";
		};
		AEFCDAD02B8DE60300D3BACD /* Registrieren */ = {
			isa = PBXGroup;
			children = (
				AEFCDAD22B8DE62A00D3BACD /* RegistrierenView.swift */,
			);
			path = Registrieren;
			sourceTree = "<group>";
		};
		AEFCDAD12B8DE60E00D3BACD /* Anmelden */ = {
			isa = PBXGroup;
			children = (
				AEFCDADD2B8DF25B00D3BACD /* AnmeldenView.swift */,
				AEFCDADF2B8DF28A00D3BACD /* AnmeldenPerView.swift */,
			);
			path = Anmelden;
			sourceTree = "<group>";
		};
		AEFCDAFB2B8E103900D3BACD /* Discover */ = {
			isa = PBXGroup;
			children = (
				AE9144B52BB2D1EC0007F831 /* ViewModel */,
				AE69B1AB2BA4469900247433 /* Coment */,
				AE69B1A62BA1BF2000247433 /* Filter */,
				AEFCDAFC2B8E104C00D3BACD /* DiscoverView.swift */,
				AEFCDB062B8E283900D3BACD /* DiscoverListenElement.swift */,
				AE69B1A92BA443EA00247433 /* DiscoverDetailView.swift */,
			);
			path = Discover;
			sourceTree = "<group>";
		};
/* End PBXGroup section */

/* Begin PBXNativeTarget section */
		AEFCDAB82B8DE25900D3BACD /* Discover */ = {
			isa = PBXNativeTarget;
			buildConfigurationList = AEFCDAC72B8DE25900D3BACD /* Build configuration list for PBXNativeTarget "Discover" */;
			buildPhases = (
				AEFCDAB52B8DE25900D3BACD /* Sources */,
				AEFCDAB62B8DE25900D3BACD /* Frameworks */,
				AEFCDAB72B8DE25900D3BACD /* Resources */,
			);
			buildRules = (
			);
			dependencies = (
			);
			name = Discover;
			packageProductDependencies = (
				AE69B1582B90D7EF00247433 /* FirebaseAnalytics */,
				AE69B15A2B90D7EF00247433 /* FirebaseAnalyticsOnDeviceConversion */,
				AE69B15C2B90D7EF00247433 /* FirebaseAnalyticsSwift */,
				AE69B15E2B90D7EF00247433 /* FirebaseAnalyticsWithoutAdIdSupport */,
				AE69B1602B90D7EF00247433 /* FirebaseAppCheck */,
				AE69B1622B90D7EF00247433 /* FirebaseAppDistribution-Beta */,
				AE69B1642B90D7EF00247433 /* FirebaseAuth */,
				AE69B1662B90D7EF00247433 /* FirebaseAuthCombine-Community */,
				AE69B1682B90D7EF00247433 /* FirebaseCrashlytics */,
				AE69B16A2B90D7EF00247433 /* FirebaseDatabase */,
				AE69B16C2B90D7EF00247433 /* FirebaseDatabaseSwift */,
				AE69B16E2B90D7EF00247433 /* FirebaseDynamicLinks */,
				AE69B1702B90D7EF00247433 /* FirebaseFirestore */,
				AE69B1722B90D7EF00247433 /* FirebaseFirestoreCombine-Community */,
				AE69B1742B90D7EF00247433 /* FirebaseFirestoreSwift */,
				AE69B1762B90D7EF00247433 /* FirebaseFunctions */,
				AE69B1782B90D7EF00247433 /* FirebaseFunctionsCombine-Community */,
				AE69B17A2B90D7EF00247433 /* FirebaseInAppMessaging-Beta */,
				AE69B17C2B90D7EF00247433 /* FirebaseInAppMessagingSwift-Beta */,
				AE69B17E2B90D7EF00247433 /* FirebaseInstallations */,
				AE69B1802B90D7EF00247433 /* FirebaseMLModelDownloader */,
				AE69B1822B90D7EF00247433 /* FirebaseMessaging */,
				AE69B1842B90D7EF00247433 /* FirebasePerformance */,
				AE69B1862B90D7EF00247433 /* FirebaseRemoteConfig */,
				AE69B1882B90D7EF00247433 /* FirebaseRemoteConfigSwift */,
				AE69B18A2B90D7EF00247433 /* FirebaseStorage */,
				AE69B18C2B90D7EF00247433 /* FirebaseStorageCombine-Community */,
			);
			productName = Discover;
			productReference = AEFCDAB92B8DE25900D3BACD /* Discover.app */;
			productType = "com.apple.product-type.application";
		};
/* End PBXNativeTarget section */

/* Begin PBXProject section */
		AEFCDAB12B8DE25900D3BACD /* Project object */ = {
			isa = PBXProject;
			attributes = {
				BuildIndependentTargetsInParallel = 1;
				LastSwiftUpdateCheck = 1520;
				LastUpgradeCheck = 1520;
				TargetAttributes = {
					AEFCDAB82B8DE25900D3BACD = {
						CreatedOnToolsVersion = 15.2;
					};
				};
			};
			buildConfigurationList = AEFCDAB42B8DE25900D3BACD /* Build configuration list for PBXProject "Discover" */;
			compatibilityVersion = "Xcode 14.0";
			developmentRegion = en;
			hasScannedForEncodings = 0;
			knownRegions = (
				en,
				Base,
			);
			mainGroup = AEFCDAB02B8DE25900D3BACD;
			packageReferences = (
				AE69B1572B90D7EF00247433 /* XCRemoteSwiftPackageReference "firebase-ios-sdk" */,
			);
			productRefGroup = AEFCDABA2B8DE25900D3BACD /* Products */;
			projectDirPath = "";
			projectRoot = "";
			targets = (
				AEFCDAB82B8DE25900D3BACD /* Discover */,
			);
		};
/* End PBXProject section */

/* Begin PBXResourcesBuildPhase section */
		AEFCDAB72B8DE25900D3BACD /* Resources */ = {
			isa = PBXResourcesBuildPhase;
			buildActionMask = 2147483647;
			files = (
				AEFCDAC42B8DE25900D3BACD /* Preview Assets.xcassets in Resources */,
				AEFCDAC12B8DE25900D3BACD /* Assets.xcassets in Resources */,
				AE69B1562B90D7A600247433 /* GoogleService-Info.plist in Resources */,
			);
			runOnlyForDeploymentPostprocessing = 0;
		};
/* End PBXResourcesBuildPhase section */

/* Begin PBXSourcesBuildPhase section */
		AEFCDAB52B8DE25900D3BACD /* Sources */ = {
			isa = PBXSourcesBuildPhase;
			buildActionMask = 2147483647;
			files = (
				AE9144BA2BB2D21C0007F831 /* AuthentifikationViewModel.swift in Sources */,
				AE69B1AA2BA443EA00247433 /* DiscoverDetailView.swift in Sources */,
				AE69B1AF2BA4994D00247433 /* AddPictureView.swift in Sources */,
				AE69B1902B90D98900247433 /* FireBaseManager.swift in Sources */,
				AEFCDADC2B8DEDAE00D3BACD /* SplashScreen.swift in Sources */,
				AE93A2F52BC3D461003AA73F /* SearchDetailView.swift in Sources */,
				AEFCDABD2B8DE25900D3BACD /* DiscoverApp.swift in Sources */,
				AE9144C02BB421610007F831 /* DatenschutzView.swift in Sources */,
				AE69B1542B90D4FD00247433 /* FireUser.swift in Sources */,
				AE9144BC2BB420310007F831 /* NotificationView.swift in Sources */,
				AE9144B12BB2D1BD0007F831 /* MessagesViewModel.swift in Sources */,
				AE69B1A82BA1BF4400247433 /* FilterView.swift in Sources */,
				AEFCDAE02B8DF28A00D3BACD /* AnmeldenPerView.swift in Sources */,
				AE69B1972BA0A57000247433 /* SearchMainView.swift in Sources */,
				AE69B1502B909F4C00247433 /* MainTabView.swift in Sources */,
				AE9144CB2BB42A650007F831 /* SearchElement.swift in Sources */,
				AE69B1AD2BA446AD00247433 /* CommentView.swift in Sources */,
				AE69B1992BA0A59800247433 /* MessagesMainView.swift in Sources */,
				AEFCDB052B8E1D9C00D3BACD /* FirePost.swift in Sources */,
				AE9144B42BB2D1E50007F831 /* ProfileViewModel.swift in Sources */,
				AE69B19B2BA0A5B900247433 /* ProfileMainView.swift in Sources */,
				AE9144AE2BB2D1A80007F831 /* SearchViewModel.swift in Sources */,
				AE69B1922B90DF4300247433 /* SettingMainView.swift in Sources */,
				AEFCDACC2B8DE2E700D3BACD /* Repository.swift in Sources */,
				AEFCDADE2B8DF25B00D3BACD /* AnmeldenView.swift in Sources */,
				AEFCDB072B8E283900D3BACD /* DiscoverListenElement.swift in Sources */,
				AE9144C22BB421800007F831 /* AccountView.swift in Sources */,
				AE9144CD2BB57AD00007F831 /* ProfilePictureSelectionView.swift in Sources */,
				AE9144C92BB427070007F831 /* SearchModel.swift in Sources */,
				AE9144AB2BB2D1810007F831 /* SettingViewModel.swift in Sources */,
				AEFCDAD32B8DE62A00D3BACD /* RegistrierenView.swift in Sources */,
				AEFCDAFD2B8E104C00D3BACD /* DiscoverView.swift in Sources */,
				AE9144B72BB2D1FB0007F831 /* DiscoverViewModel.swift in Sources */,
				AE9144BE2BB4213E0007F831 /* UserView.swift in Sources */,
			);
			runOnlyForDeploymentPostprocessing = 0;
		};
/* End PBXSourcesBuildPhase section */

/* Begin XCBuildConfiguration section */
		AEFCDAC52B8DE25900D3BACD /* Debug */ = {
			isa = XCBuildConfiguration;
			buildSettings = {
				ALWAYS_SEARCH_USER_PATHS = NO;
				ASSETCATALOG_COMPILER_GENERATE_SWIFT_ASSET_SYMBOL_EXTENSIONS = YES;
				CLANG_ANALYZER_NONNULL = YES;
				CLANG_ANALYZER_NUMBER_OBJECT_CONVERSION = YES_AGGRESSIVE;
				CLANG_CXX_LANGUAGE_STANDARD = "gnu++20";
				CLANG_ENABLE_MODULES = YES;
				CLANG_ENABLE_OBJC_ARC = YES;
				CLANG_ENABLE_OBJC_WEAK = YES;
				CLANG_WARN_BLOCK_CAPTURE_AUTORELEASING = YES;
				CLANG_WARN_BOOL_CONVERSION = YES;
				CLANG_WARN_COMMA = YES;
				CLANG_WARN_CONSTANT_CONVERSION = YES;
				CLANG_WARN_DEPRECATED_OBJC_IMPLEMENTATIONS = YES;
				CLANG_WARN_DIRECT_OBJC_ISA_USAGE = YES_ERROR;
				CLANG_WARN_DOCUMENTATION_COMMENTS = YES;
				CLANG_WARN_EMPTY_BODY = YES;
				CLANG_WARN_ENUM_CONVERSION = YES;
				CLANG_WARN_INFINITE_RECURSION = YES;
				CLANG_WARN_INT_CONVERSION = YES;
				CLANG_WARN_NON_LITERAL_NULL_CONVERSION = YES;
				CLANG_WARN_OBJC_IMPLICIT_RETAIN_SELF = YES;
				CLANG_WARN_OBJC_LITERAL_CONVERSION = YES;
				CLANG_WARN_OBJC_ROOT_CLASS = YES_ERROR;
				CLANG_WARN_QUOTED_INCLUDE_IN_FRAMEWORK_HEADER = YES;
				CLANG_WARN_RANGE_LOOP_ANALYSIS = YES;
				CLANG_WARN_STRICT_PROTOTYPES = YES;
				CLANG_WARN_SUSPICIOUS_MOVE = YES;
				CLANG_WARN_UNGUARDED_AVAILABILITY = YES_AGGRESSIVE;
				CLANG_WARN_UNREACHABLE_CODE = YES;
				CLANG_WARN__DUPLICATE_METHOD_MATCH = YES;
				COPY_PHASE_STRIP = NO;
				DEBUG_INFORMATION_FORMAT = dwarf;
				ENABLE_STRICT_OBJC_MSGSEND = YES;
				ENABLE_TESTABILITY = YES;
				ENABLE_USER_SCRIPT_SANDBOXING = YES;
				GCC_C_LANGUAGE_STANDARD = gnu17;
				GCC_DYNAMIC_NO_PIC = NO;
				GCC_NO_COMMON_BLOCKS = YES;
				GCC_OPTIMIZATION_LEVEL = 0;
				GCC_PREPROCESSOR_DEFINITIONS = (
					"DEBUG=1",
					"$(inherited)",
				);
				GCC_WARN_64_TO_32_BIT_CONVERSION = YES;
				GCC_WARN_ABOUT_RETURN_TYPE = YES_ERROR;
				GCC_WARN_UNDECLARED_SELECTOR = YES;
				GCC_WARN_UNINITIALIZED_AUTOS = YES_AGGRESSIVE;
				GCC_WARN_UNUSED_FUNCTION = YES;
				GCC_WARN_UNUSED_VARIABLE = YES;
				IPHONEOS_DEPLOYMENT_TARGET = 17.2;
				LOCALIZATION_PREFERS_STRING_CATALOGS = YES;
				MTL_ENABLE_DEBUG_INFO = INCLUDE_SOURCE;
				MTL_FAST_MATH = YES;
				ONLY_ACTIVE_ARCH = YES;
				SDKROOT = iphoneos;
				SWIFT_ACTIVE_COMPILATION_CONDITIONS = "DEBUG $(inherited)";
				SWIFT_OPTIMIZATION_LEVEL = "-Onone";
			};
			name = Debug;
		};
		AEFCDAC62B8DE25900D3BACD /* Release */ = {
			isa = XCBuildConfiguration;
			buildSettings = {
				ALWAYS_SEARCH_USER_PATHS = NO;
				ASSETCATALOG_COMPILER_GENERATE_SWIFT_ASSET_SYMBOL_EXTENSIONS = YES;
				CLANG_ANALYZER_NONNULL = YES;
				CLANG_ANALYZER_NUMBER_OBJECT_CONVERSION = YES_AGGRESSIVE;
				CLANG_CXX_LANGUAGE_STANDARD = "gnu++20";
				CLANG_ENABLE_MODULES = YES;
				CLANG_ENABLE_OBJC_ARC = YES;
				CLANG_ENABLE_OBJC_WEAK = YES;
				CLANG_WARN_BLOCK_CAPTURE_AUTORELEASING = YES;
				CLANG_WARN_BOOL_CONVERSION = YES;
				CLANG_WARN_COMMA = YES;
				CLANG_WARN_CONSTANT_CONVERSION = YES;
				CLANG_WARN_DEPRECATED_OBJC_IMPLEMENTATIONS = YES;
				CLANG_WARN_DIRECT_OBJC_ISA_USAGE = YES_ERROR;
				CLANG_WARN_DOCUMENTATION_COMMENTS = YES;
				CLANG_WARN_EMPTY_BODY = YES;
				CLANG_WARN_ENUM_CONVERSION = YES;
				CLANG_WARN_INFINITE_RECURSION = YES;
				CLANG_WARN_INT_CONVERSION = YES;
				CLANG_WARN_NON_LITERAL_NULL_CONVERSION = YES;
				CLANG_WARN_OBJC_IMPLICIT_RETAIN_SELF = YES;
				CLANG_WARN_OBJC_LITERAL_CONVERSION = YES;
				CLANG_WARN_OBJC_ROOT_CLASS = YES_ERROR;
				CLANG_WARN_QUOTED_INCLUDE_IN_FRAMEWORK_HEADER = YES;
				CLANG_WARN_RANGE_LOOP_ANALYSIS = YES;
				CLANG_WARN_STRICT_PROTOTYPES = YES;
				CLANG_WARN_SUSPICIOUS_MOVE = YES;
				CLANG_WARN_UNGUARDED_AVAILABILITY = YES_AGGRESSIVE;
				CLANG_WARN_UNREACHABLE_CODE = YES;
				CLANG_WARN__DUPLICATE_METHOD_MATCH = YES;
				COPY_PHASE_STRIP = NO;
				DEBUG_INFORMATION_FORMAT = "dwarf-with-dsym";
				ENABLE_NS_ASSERTIONS = NO;
				ENABLE_STRICT_OBJC_MSGSEND = YES;
				ENABLE_USER_SCRIPT_SANDBOXING = YES;
				GCC_C_LANGUAGE_STANDARD = gnu17;
				GCC_NO_COMMON_BLOCKS = YES;
				GCC_WARN_64_TO_32_BIT_CONVERSION = YES;
				GCC_WARN_ABOUT_RETURN_TYPE = YES_ERROR;
				GCC_WARN_UNDECLARED_SELECTOR = YES;
				GCC_WARN_UNINITIALIZED_AUTOS = YES_AGGRESSIVE;
				GCC_WARN_UNUSED_FUNCTION = YES;
				GCC_WARN_UNUSED_VARIABLE = YES;
				IPHONEOS_DEPLOYMENT_TARGET = 17.2;
				LOCALIZATION_PREFERS_STRING_CATALOGS = YES;
				MTL_ENABLE_DEBUG_INFO = NO;
				MTL_FAST_MATH = YES;
				SDKROOT = iphoneos;
				SWIFT_COMPILATION_MODE = wholemodule;
				VALIDATE_PRODUCT = YES;
			};
			name = Release;
		};
		AEFCDAC82B8DE25900D3BACD /* Debug */ = {
			isa = XCBuildConfiguration;
			buildSettings = {
				ASSETCATALOG_COMPILER_APPICON_NAME = AppIcon;
				ASSETCATALOG_COMPILER_GLOBAL_ACCENT_COLOR_NAME = AccentColor;
				CODE_SIGN_STYLE = Automatic;
				CURRENT_PROJECT_VERSION = 1;
				DEVELOPMENT_ASSET_PATHS = "\"Discover/Preview Content\"";
				DEVELOPMENT_TEAM = PYQ785HMFH;
				ENABLE_PREVIEWS = YES;
				GENERATE_INFOPLIST_FILE = YES;
				INFOPLIST_KEY_UIApplicationSceneManifest_Generation = YES;
				INFOPLIST_KEY_UIApplicationSupportsIndirectInputEvents = YES;
				INFOPLIST_KEY_UILaunchScreen_Generation = YES;
				INFOPLIST_KEY_UISupportedInterfaceOrientations_iPad = "UIInterfaceOrientationPortrait UIInterfaceOrientationPortraitUpsideDown UIInterfaceOrientationLandscapeLeft UIInterfaceOrientationLandscapeRight";
				INFOPLIST_KEY_UISupportedInterfaceOrientations_iPhone = "UIInterfaceOrientationPortrait UIInterfaceOrientationLandscapeLeft UIInterfaceOrientationLandscapeRight";
				LD_RUNPATH_SEARCH_PATHS = (
					"$(inherited)",
					"@executable_path/Frameworks",
				);
				MARKETING_VERSION = 1.0;
				PRODUCT_BUNDLE_IDENTIFIER = TestWeek.B.Y.Discover;
				PRODUCT_NAME = "$(TARGET_NAME)";
				SWIFT_EMIT_LOC_STRINGS = YES;
				SWIFT_VERSION = 5.0;
				TARGETED_DEVICE_FAMILY = "1,2";
			};
			name = Debug;
		};
		AEFCDAC92B8DE25900D3BACD /* Release */ = {
			isa = XCBuildConfiguration;
			buildSettings = {
				ASSETCATALOG_COMPILER_APPICON_NAME = AppIcon;
				ASSETCATALOG_COMPILER_GLOBAL_ACCENT_COLOR_NAME = AccentColor;
				CODE_SIGN_STYLE = Automatic;
				CURRENT_PROJECT_VERSION = 1;
				DEVELOPMENT_ASSET_PATHS = "\"Discover/Preview Content\"";
				DEVELOPMENT_TEAM = PYQ785HMFH;
				ENABLE_PREVIEWS = YES;
				GENERATE_INFOPLIST_FILE = YES;
				INFOPLIST_KEY_UIApplicationSceneManifest_Generation = YES;
				INFOPLIST_KEY_UIApplicationSupportsIndirectInputEvents = YES;
				INFOPLIST_KEY_UILaunchScreen_Generation = YES;
				INFOPLIST_KEY_UISupportedInterfaceOrientations_iPad = "UIInterfaceOrientationPortrait UIInterfaceOrientationPortraitUpsideDown UIInterfaceOrientationLandscapeLeft UIInterfaceOrientationLandscapeRight";
				INFOPLIST_KEY_UISupportedInterfaceOrientations_iPhone = "UIInterfaceOrientationPortrait UIInterfaceOrientationLandscapeLeft UIInterfaceOrientationLandscapeRight";
				LD_RUNPATH_SEARCH_PATHS = (
					"$(inherited)",
					"@executable_path/Frameworks",
				);
				MARKETING_VERSION = 1.0;
				PRODUCT_BUNDLE_IDENTIFIER = TestWeek.B.Y.Discover;
				PRODUCT_NAME = "$(TARGET_NAME)";
				SWIFT_EMIT_LOC_STRINGS = YES;
				SWIFT_VERSION = 5.0;
				TARGETED_DEVICE_FAMILY = "1,2";
			};
			name = Release;
		};
/* End XCBuildConfiguration section */

/* Begin XCConfigurationList section */
		AEFCDAB42B8DE25900D3BACD /* Build configuration list for PBXProject "Discover" */ = {
			isa = XCConfigurationList;
			buildConfigurations = (
				AEFCDAC52B8DE25900D3BACD /* Debug */,
				AEFCDAC62B8DE25900D3BACD /* Release */,
			);
			defaultConfigurationIsVisible = 0;
			defaultConfigurationName = Release;
		};
		AEFCDAC72B8DE25900D3BACD /* Build configuration list for PBXNativeTarget "Discover" */ = {
			isa = XCConfigurationList;
			buildConfigurations = (
				AEFCDAC82B8DE25900D3BACD /* Debug */,
				AEFCDAC92B8DE25900D3BACD /* Release */,
			);
			defaultConfigurationIsVisible = 0;
			defaultConfigurationName = Release;
		};
/* End XCConfigurationList section */

/* Begin XCRemoteSwiftPackageReference section */
		AE69B1572B90D7EF00247433 /* XCRemoteSwiftPackageReference "firebase-ios-sdk" */ = {
			isa = XCRemoteSwiftPackageReference;
			repositoryURL = "https://github.com/firebase/firebase-ios-sdk";
			requirement = {
				kind = exactVersion;
				version = 10.19.0;
			};
		};
/* End XCRemoteSwiftPackageReference section */

/* Begin XCSwiftPackageProductDependency section */
		AE69B1582B90D7EF00247433 /* FirebaseAnalytics */ = {
			isa = XCSwiftPackageProductDependency;
			package = AE69B1572B90D7EF00247433 /* XCRemoteSwiftPackageReference "firebase-ios-sdk" */;
			productName = FirebaseAnalytics;
		};
		AE69B15A2B90D7EF00247433 /* FirebaseAnalyticsOnDeviceConversion */ = {
			isa = XCSwiftPackageProductDependency;
			package = AE69B1572B90D7EF00247433 /* XCRemoteSwiftPackageReference "firebase-ios-sdk" */;
			productName = FirebaseAnalyticsOnDeviceConversion;
		};
		AE69B15C2B90D7EF00247433 /* FirebaseAnalyticsSwift */ = {
			isa = XCSwiftPackageProductDependency;
			package = AE69B1572B90D7EF00247433 /* XCRemoteSwiftPackageReference "firebase-ios-sdk" */;
			productName = FirebaseAnalyticsSwift;
		};
		AE69B15E2B90D7EF00247433 /* FirebaseAnalyticsWithoutAdIdSupport */ = {
			isa = XCSwiftPackageProductDependency;
			package = AE69B1572B90D7EF00247433 /* XCRemoteSwiftPackageReference "firebase-ios-sdk" */;
			productName = FirebaseAnalyticsWithoutAdIdSupport;
		};
		AE69B1602B90D7EF00247433 /* FirebaseAppCheck */ = {
			isa = XCSwiftPackageProductDependency;
			package = AE69B1572B90D7EF00247433 /* XCRemoteSwiftPackageReference "firebase-ios-sdk" */;
			productName = FirebaseAppCheck;
		};
		AE69B1622B90D7EF00247433 /* FirebaseAppDistribution-Beta */ = {
			isa = XCSwiftPackageProductDependency;
			package = AE69B1572B90D7EF00247433 /* XCRemoteSwiftPackageReference "firebase-ios-sdk" */;
			productName = "FirebaseAppDistribution-Beta";
		};
		AE69B1642B90D7EF00247433 /* FirebaseAuth */ = {
			isa = XCSwiftPackageProductDependency;
			package = AE69B1572B90D7EF00247433 /* XCRemoteSwiftPackageReference "firebase-ios-sdk" */;
			productName = FirebaseAuth;
		};
		AE69B1662B90D7EF00247433 /* FirebaseAuthCombine-Community */ = {
			isa = XCSwiftPackageProductDependency;
			package = AE69B1572B90D7EF00247433 /* XCRemoteSwiftPackageReference "firebase-ios-sdk" */;
			productName = "FirebaseAuthCombine-Community";
		};
		AE69B1682B90D7EF00247433 /* FirebaseCrashlytics */ = {
			isa = XCSwiftPackageProductDependency;
			package = AE69B1572B90D7EF00247433 /* XCRemoteSwiftPackageReference "firebase-ios-sdk" */;
			productName = FirebaseCrashlytics;
		};
		AE69B16A2B90D7EF00247433 /* FirebaseDatabase */ = {
			isa = XCSwiftPackageProductDependency;
			package = AE69B1572B90D7EF00247433 /* XCRemoteSwiftPackageReference "firebase-ios-sdk" */;
			productName = FirebaseDatabase;
		};
		AE69B16C2B90D7EF00247433 /* FirebaseDatabaseSwift */ = {
			isa = XCSwiftPackageProductDependency;
			package = AE69B1572B90D7EF00247433 /* XCRemoteSwiftPackageReference "firebase-ios-sdk" */;
			productName = FirebaseDatabaseSwift;
		};
		AE69B16E2B90D7EF00247433 /* FirebaseDynamicLinks */ = {
			isa = XCSwiftPackageProductDependency;
			package = AE69B1572B90D7EF00247433 /* XCRemoteSwiftPackageReference "firebase-ios-sdk" */;
			productName = FirebaseDynamicLinks;
		};
		AE69B1702B90D7EF00247433 /* FirebaseFirestore */ = {
			isa = XCSwiftPackageProductDependency;
			package = AE69B1572B90D7EF00247433 /* XCRemoteSwiftPackageReference "firebase-ios-sdk" */;
			productName = FirebaseFirestore;
		};
		AE69B1722B90D7EF00247433 /* FirebaseFirestoreCombine-Community */ = {
			isa = XCSwiftPackageProductDependency;
			package = AE69B1572B90D7EF00247433 /* XCRemoteSwiftPackageReference "firebase-ios-sdk" */;
			productName = "FirebaseFirestoreCombine-Community";
		};
		AE69B1742B90D7EF00247433 /* FirebaseFirestoreSwift */ = {
			isa = XCSwiftPackageProductDependency;
			package = AE69B1572B90D7EF00247433 /* XCRemoteSwiftPackageReference "firebase-ios-sdk" */;
			productName = FirebaseFirestoreSwift;
		};
		AE69B1762B90D7EF00247433 /* FirebaseFunctions */ = {
			isa = XCSwiftPackageProductDependency;
			package = AE69B1572B90D7EF00247433 /* XCRemoteSwiftPackageReference "firebase-ios-sdk" */;
			productName = FirebaseFunctions;
		};
		AE69B1782B90D7EF00247433 /* FirebaseFunctionsCombine-Community */ = {
			isa = XCSwiftPackageProductDependency;
			package = AE69B1572B90D7EF00247433 /* XCRemoteSwiftPackageReference "firebase-ios-sdk" */;
			productName = "FirebaseFunctionsCombine-Community";
		};
		AE69B17A2B90D7EF00247433 /* FirebaseInAppMessaging-Beta */ = {
			isa = XCSwiftPackageProductDependency;
			package = AE69B1572B90D7EF00247433 /* XCRemoteSwiftPackageReference "firebase-ios-sdk" */;
			productName = "FirebaseInAppMessaging-Beta";
		};
		AE69B17C2B90D7EF00247433 /* FirebaseInAppMessagingSwift-Beta */ = {
			isa = XCSwiftPackageProductDependency;
			package = AE69B1572B90D7EF00247433 /* XCRemoteSwiftPackageReference "firebase-ios-sdk" */;
			productName = "FirebaseInAppMessagingSwift-Beta";
		};
		AE69B17E2B90D7EF00247433 /* FirebaseInstallations */ = {
			isa = XCSwiftPackageProductDependency;
			package = AE69B1572B90D7EF00247433 /* XCRemoteSwiftPackageReference "firebase-ios-sdk" */;
			productName = FirebaseInstallations;
		};
		AE69B1802B90D7EF00247433 /* FirebaseMLModelDownloader */ = {
			isa = XCSwiftPackageProductDependency;
			package = AE69B1572B90D7EF00247433 /* XCRemoteSwiftPackageReference "firebase-ios-sdk" */;
			productName = FirebaseMLModelDownloader;
		};
		AE69B1822B90D7EF00247433 /* FirebaseMessaging */ = {
			isa = XCSwiftPackageProductDependency;
			package = AE69B1572B90D7EF00247433 /* XCRemoteSwiftPackageReference "firebase-ios-sdk" */;
			productName = FirebaseMessaging;
		};
		AE69B1842B90D7EF00247433 /* FirebasePerformance */ = {
			isa = XCSwiftPackageProductDependency;
			package = AE69B1572B90D7EF00247433 /* XCRemoteSwiftPackageReference "firebase-ios-sdk" */;
			productName = FirebasePerformance;
		};
		AE69B1862B90D7EF00247433 /* FirebaseRemoteConfig */ = {
			isa = XCSwiftPackageProductDependency;
			package = AE69B1572B90D7EF00247433 /* XCRemoteSwiftPackageReference "firebase-ios-sdk" */;
			productName = FirebaseRemoteConfig;
		};
		AE69B1882B90D7EF00247433 /* FirebaseRemoteConfigSwift */ = {
			isa = XCSwiftPackageProductDependency;
			package = AE69B1572B90D7EF00247433 /* XCRemoteSwiftPackageReference "firebase-ios-sdk" */;
			productName = FirebaseRemoteConfigSwift;
		};
		AE69B18A2B90D7EF00247433 /* FirebaseStorage */ = {
			isa = XCSwiftPackageProductDependency;
			package = AE69B1572B90D7EF00247433 /* XCRemoteSwiftPackageReference "firebase-ios-sdk" */;
			productName = FirebaseStorage;
		};
		AE69B18C2B90D7EF00247433 /* FirebaseStorageCombine-Community */ = {
			isa = XCSwiftPackageProductDependency;
			package = AE69B1572B90D7EF00247433 /* XCRemoteSwiftPackageReference "firebase-ios-sdk" */;
			productName = "FirebaseStorageCombine-Community";
		};
/* End XCSwiftPackageProductDependency section */
	};
	rootObject = AEFCDAB12B8DE25900D3BACD /* Project object */;
}
