// !$*UTF8*$!
{
	archiveVersion = 1;
	classes = {
	};
	objectVersion = 56;
	objects = {

/* Begin PBXBuildFile section */
		AEFCDABD2B8DE25900D3BACD /* DiscoverApp.swift in Sources */ = {isa = PBXBuildFile; fileRef = AEFCDABC2B8DE25900D3BACD /* DiscoverApp.swift */; };
		AEFCDAC12B8DE25900D3BACD /* Assets.xcassets in Resources */ = {isa = PBXBuildFile; fileRef = AEFCDAC02B8DE25900D3BACD /* Assets.xcassets */; };
		AEFCDAC42B8DE25900D3BACD /* Preview Assets.xcassets in Resources */ = {isa = PBXBuildFile; fileRef = AEFCDAC32B8DE25900D3BACD /* Preview Assets.xcassets */; };
		AEFCDACC2B8DE2E700D3BACD /* Repository.swift in Sources */ = {isa = PBXBuildFile; fileRef = AEFCDACB2B8DE2E700D3BACD /* Repository.swift */; };
		AEFCDAD32B8DE62A00D3BACD /* RegistrierenView.swift in Sources */ = {isa = PBXBuildFile; fileRef = AEFCDAD22B8DE62A00D3BACD /* RegistrierenView.swift */; };
		AEFCDAD62B8DE69600D3BACD /* AuthentificationViewModel.swift in Sources */ = {isa = PBXBuildFile; fileRef = AEFCDAD52B8DE69600D3BACD /* AuthentificationViewModel.swift */; };
		AEFCDAD82B8DE9D900D3BACD /* AnmeldenView.swift in Sources */ = {isa = PBXBuildFile; fileRef = AEFCDAD72B8DE9D900D3BACD /* AnmeldenView.swift */; };
/* End PBXBuildFile section */

/* Begin PBXFileReference section */
		AEFCDAB92B8DE25900D3BACD /* Discover.app */ = {isa = PBXFileReference; explicitFileType = wrapper.application; includeInIndex = 0; path = Discover.app; sourceTree = BUILT_PRODUCTS_DIR; };
		AEFCDABC2B8DE25900D3BACD /* DiscoverApp.swift */ = {isa = PBXFileReference; lastKnownFileType = sourcecode.swift; path = DiscoverApp.swift; sourceTree = "<group>"; };
		AEFCDAC02B8DE25900D3BACD /* Assets.xcassets */ = {isa = PBXFileReference; lastKnownFileType = folder.assetcatalog; path = Assets.xcassets; sourceTree = "<group>"; };
		AEFCDAC32B8DE25900D3BACD /* Preview Assets.xcassets */ = {isa = PBXFileReference; lastKnownFileType = folder.assetcatalog; path = "Preview Assets.xcassets"; sourceTree = "<group>"; };
		AEFCDACB2B8DE2E700D3BACD /* Repository.swift */ = {isa = PBXFileReference; lastKnownFileType = sourcecode.swift; path = Repository.swift; sourceTree = "<group>"; };
		AEFCDAD22B8DE62A00D3BACD /* RegistrierenView.swift */ = {isa = PBXFileReference; lastKnownFileType = sourcecode.swift; path = RegistrierenView.swift; sourceTree = "<group>"; };
		AEFCDAD52B8DE69600D3BACD /* AuthentificationViewModel.swift */ = {isa = PBXFileReference; lastKnownFileType = sourcecode.swift; path = AuthentificationViewModel.swift; sourceTree = "<group>"; };
		AEFCDAD72B8DE9D900D3BACD /* AnmeldenView.swift */ = {isa = PBXFileReference; lastKnownFileType = sourcecode.swift; path = AnmeldenView.swift; sourceTree = "<group>"; };
/* End PBXFileReference section */

/* Begin PBXFrameworksBuildPhase section */
		AEFCDAB62B8DE25900D3BACD /* Frameworks */ = {
			isa = PBXFrameworksBuildPhase;
			buildActionMask = 2147483647;
			files = (
			);
			runOnlyForDeploymentPostprocessing = 0;
		};
/* End PBXFrameworksBuildPhase section */

/* Begin PBXGroup section */
		AEFCDAB02B8DE25900D3BACD = {
			isa = PBXGroup;
			children = (
				AEFCDABB2B8DE25900D3BACD /* Discover */,
				AEFCDABA2B8DE25900D3BACD /* Products */,
			);
			sourceTree = "<group>";
		};
		AEFCDABA2B8DE25900D3BACD /* Products */ = {
			isa = PBXGroup;
			children = (
				AEFCDAB92B8DE25900D3BACD /* Discover.app */,
			);
			name = Products;
			sourceTree = "<group>";
		};
		AEFCDABB2B8DE25900D3BACD /* Discover */ = {
			isa = PBXGroup;
			children = (
				AEFCDACF2B8DE5ED00D3BACD /* Authentifikation */,
				AEFCDACA2B8DE2AC00D3BACD /* Datenbanken */,
				AEFCDABC2B8DE25900D3BACD /* DiscoverApp.swift */,
				AEFCDAC02B8DE25900D3BACD /* Assets.xcassets */,
				AEFCDAC22B8DE25900D3BACD /* Preview Content */,
			);
			path = Discover;
			sourceTree = "<group>";
		};
		AEFCDAC22B8DE25900D3BACD /* Preview Content */ = {
			isa = PBXGroup;
			children = (
				AEFCDAC32B8DE25900D3BACD /* Preview Assets.xcassets */,
			);
			path = "Preview Content";
			sourceTree = "<group>";
		};
		AEFCDACA2B8DE2AC00D3BACD /* Datenbanken */ = {
			isa = PBXGroup;
			children = (
				AEFCDACB2B8DE2E700D3BACD /* Repository.swift */,
			);
			path = Datenbanken;
			sourceTree = "<group>";
		};
		AEFCDACF2B8DE5ED00D3BACD /* Authentifikation */ = {
			isa = PBXGroup;
			children = (
				AEFCDAD52B8DE69600D3BACD /* AuthentificationViewModel.swift */,
				AEFCDAD12B8DE60E00D3BACD /* Anmelden */,
				AEFCDAD02B8DE60300D3BACD /* Registrieren */,
			);
			path = Authentifikation;
			sourceTree = "<group>";
		};
		AEFCDAD02B8DE60300D3BACD /* Registrieren */ = {
			isa = PBXGroup;
			children = (
				AEFCDAD22B8DE62A00D3BACD /* RegistrierenView.swift */,
			);
			path = Registrieren;
			sourceTree = "<group>";
		};
		AEFCDAD12B8DE60E00D3BACD /* Anmelden */ = {
			isa = PBXGroup;
			children = (
				AEFCDAD72B8DE9D900D3BACD /* AnmeldenView.swift */,
			);
			path = Anmelden;
			sourceTree = "<group>";
		};
/* End PBXGroup section */

/* Begin PBXNativeTarget section */
		AEFCDAB82B8DE25900D3BACD /* Discover */ = {
			isa = PBXNativeTarget;
			buildConfigurationList = AEFCDAC72B8DE25900D3BACD /* Build configuration list for PBXNativeTarget "Discover" */;
			buildPhases = (
				AEFCDAB52B8DE25900D3BACD /* Sources */,
				AEFCDAB62B8DE25900D3BACD /* Frameworks */,
				AEFCDAB72B8DE25900D3BACD /* Resources */,
			);
			buildRules = (
			);
			dependencies = (
			);
			name = Discover;
			productName = Discover;
			productReference = AEFCDAB92B8DE25900D3BACD /* Discover.app */;
			productType = "com.apple.product-type.application";
		};
/* End PBXNativeTarget section */

/* Begin PBXProject section */
		AEFCDAB12B8DE25900D3BACD /* Project object */ = {
			isa = PBXProject;
			attributes = {
				BuildIndependentTargetsInParallel = 1;
				LastSwiftUpdateCheck = 1520;
				LastUpgradeCheck = 1520;
				TargetAttributes = {
					AEFCDAB82B8DE25900D3BACD = {
						CreatedOnToolsVersion = 15.2;
					};
				};
			};
			buildConfigurationList = AEFCDAB42B8DE25900D3BACD /* Build configuration list for PBXProject "Discover" */;
			compatibilityVersion = "Xcode 14.0";
			developmentRegion = en;
			hasScannedForEncodings = 0;
			knownRegions = (
				en,
				Base,
			);
			mainGroup = AEFCDAB02B8DE25900D3BACD;
			productRefGroup = AEFCDABA2B8DE25900D3BACD /* Products */;
			projectDirPath = "";
			projectRoot = "";
			targets = (
				AEFCDAB82B8DE25900D3BACD /* Discover */,
			);
		};
/* End PBXProject section */

/* Begin PBXResourcesBuildPhase section */
		AEFCDAB72B8DE25900D3BACD /* Resources */ = {
			isa = PBXResourcesBuildPhase;
			buildActionMask = 2147483647;
			files = (
				AEFCDAC42B8DE25900D3BACD /* Preview Assets.xcassets in Resources */,
				AEFCDAC12B8DE25900D3BACD /* Assets.xcassets in Resources */,
			);
			runOnlyForDeploymentPostprocessing = 0;
		};
/* End PBXResourcesBuildPhase section */

/* Begin PBXSourcesBuildPhase section */
		AEFCDAB52B8DE25900D3BACD /* Sources */ = {
			isa = PBXSourcesBuildPhase;
			buildActionMask = 2147483647;
			files = (
				AEFCDABD2B8DE25900D3BACD /* DiscoverApp.swift in Sources */,
				AEFCDAD82B8DE9D900D3BACD /* AnmeldenView.swift in Sources */,
				AEFCDACC2B8DE2E700D3BACD /* Repository.swift in Sources */,
				AEFCDAD62B8DE69600D3BACD /* AuthentificationViewModel.swift in Sources */,
				AEFCDAD32B8DE62A00D3BACD /* RegistrierenView.swift in Sources */,
			);
			runOnlyForDeploymentPostprocessing = 0;
		};
/* End PBXSourcesBuildPhase section */

/* Begin XCBuildConfiguration section */
		AEFCDAC52B8DE25900D3BACD /* Debug */ = {
			isa = XCBuildConfiguration;
			buildSettings = {
				ALWAYS_SEARCH_USER_PATHS = NO;
				ASSETCATALOG_COMPILER_GENERATE_SWIFT_ASSET_SYMBOL_EXTENSIONS = YES;
				CLANG_ANALYZER_NONNULL = YES;
				CLANG_ANALYZER_NUMBER_OBJECT_CONVERSION = YES_AGGRESSIVE;
				CLANG_CXX_LANGUAGE_STANDARD = "gnu++20";
				CLANG_ENABLE_MODULES = YES;
				CLANG_ENABLE_OBJC_ARC = YES;
				CLANG_ENABLE_OBJC_WEAK = YES;
				CLANG_WARN_BLOCK_CAPTURE_AUTORELEASING = YES;
				CLANG_WARN_BOOL_CONVERSION = YES;
				CLANG_WARN_COMMA = YES;
				CLANG_WARN_CONSTANT_CONVERSION = YES;
				CLANG_WARN_DEPRECATED_OBJC_IMPLEMENTATIONS = YES;
				CLANG_WARN_DIRECT_OBJC_ISA_USAGE = YES_ERROR;
				CLANG_WARN_DOCUMENTATION_COMMENTS = YES;
				CLANG_WARN_EMPTY_BODY = YES;
				CLANG_WARN_ENUM_CONVERSION = YES;
				CLANG_WARN_INFINITE_RECURSION = YES;
				CLANG_WARN_INT_CONVERSION = YES;
				CLANG_WARN_NON_LITERAL_NULL_CONVERSION = YES;
				CLANG_WARN_OBJC_IMPLICIT_RETAIN_SELF = YES;
				CLANG_WARN_OBJC_LITERAL_CONVERSION = YES;
				CLANG_WARN_OBJC_ROOT_CLASS = YES_ERROR;
				CLANG_WARN_QUOTED_INCLUDE_IN_FRAMEWORK_HEADER = YES;
				CLANG_WARN_RANGE_LOOP_ANALYSIS = YES;
				CLANG_WARN_STRICT_PROTOTYPES = YES;
				CLANG_WARN_SUSPICIOUS_MOVE = YES;
				CLANG_WARN_UNGUARDED_AVAILABILITY = YES_AGGRESSIVE;
				CLANG_WARN_UNREACHABLE_CODE = YES;
				CLANG_WARN__DUPLICATE_METHOD_MATCH = YES;
				COPY_PHASE_STRIP = NO;
				DEBUG_INFORMATION_FORMAT = dwarf;
				ENABLE_STRICT_OBJC_MSGSEND = YES;
				ENABLE_TESTABILITY = YES;
				ENABLE_USER_SCRIPT_SANDBOXING = YES;
				GCC_C_LANGUAGE_STANDARD = gnu17;
				GCC_DYNAMIC_NO_PIC = NO;
				GCC_NO_COMMON_BLOCKS = YES;
				GCC_OPTIMIZATION_LEVEL = 0;
				GCC_PREPROCESSOR_DEFINITIONS = (
					"DEBUG=1",
					"$(inherited)",
				);
				GCC_WARN_64_TO_32_BIT_CONVERSION = YES;
				GCC_WARN_ABOUT_RETURN_TYPE = YES_ERROR;
				GCC_WARN_UNDECLARED_SELECTOR = YES;
				GCC_WARN_UNINITIALIZED_AUTOS = YES_AGGRESSIVE;
				GCC_WARN_UNUSED_FUNCTION = YES;
				GCC_WARN_UNUSED_VARIABLE = YES;
				IPHONEOS_DEPLOYMENT_TARGET = 17.2;
				LOCALIZATION_PREFERS_STRING_CATALOGS = YES;
				MTL_ENABLE_DEBUG_INFO = INCLUDE_SOURCE;
				MTL_FAST_MATH = YES;
				ONLY_ACTIVE_ARCH = YES;
				SDKROOT = iphoneos;
				SWIFT_ACTIVE_COMPILATION_CONDITIONS = "DEBUG $(inherited)";
				SWIFT_OPTIMIZATION_LEVEL = "-Onone";
			};
			name = Debug;
		};
		AEFCDAC62B8DE25900D3BACD /* Release */ = {
			isa = XCBuildConfiguration;
			buildSettings = {
				ALWAYS_SEARCH_USER_PATHS = NO;
				ASSETCATALOG_COMPILER_GENERATE_SWIFT_ASSET_SYMBOL_EXTENSIONS = YES;
				CLANG_ANALYZER_NONNULL = YES;
				CLANG_ANALYZER_NUMBER_OBJECT_CONVERSION = YES_AGGRESSIVE;
				CLANG_CXX_LANGUAGE_STANDARD = "gnu++20";
				CLANG_ENABLE_MODULES = YES;
				CLANG_ENABLE_OBJC_ARC = YES;
				CLANG_ENABLE_OBJC_WEAK = YES;
				CLANG_WARN_BLOCK_CAPTURE_AUTORELEASING = YES;
				CLANG_WARN_BOOL_CONVERSION = YES;
				CLANG_WARN_COMMA = YES;
				CLANG_WARN_CONSTANT_CONVERSION = YES;
				CLANG_WARN_DEPRECATED_OBJC_IMPLEMENTATIONS = YES;
				CLANG_WARN_DIRECT_OBJC_ISA_USAGE = YES_ERROR;
				CLANG_WARN_DOCUMENTATION_COMMENTS = YES;
				CLANG_WARN_EMPTY_BODY = YES;
				CLANG_WARN_ENUM_CONVERSION = YES;
				CLANG_WARN_INFINITE_RECURSION = YES;
				CLANG_WARN_INT_CONVERSION = YES;
				CLANG_WARN_NON_LITERAL_NULL_CONVERSION = YES;
				CLANG_WARN_OBJC_IMPLICIT_RETAIN_SELF = YES;
				CLANG_WARN_OBJC_LITERAL_CONVERSION = YES;
				CLANG_WARN_OBJC_ROOT_CLASS = YES_ERROR;
				CLANG_WARN_QUOTED_INCLUDE_IN_FRAMEWORK_HEADER = YES;
				CLANG_WARN_RANGE_LOOP_ANALYSIS = YES;
				CLANG_WARN_STRICT_PROTOTYPES = YES;
				CLANG_WARN_SUSPICIOUS_MOVE = YES;
				CLANG_WARN_UNGUARDED_AVAILABILITY = YES_AGGRESSIVE;
				CLANG_WARN_UNREACHABLE_CODE = YES;
				CLANG_WARN__DUPLICATE_METHOD_MATCH = YES;
				COPY_PHASE_STRIP = NO;
				DEBUG_INFORMATION_FORMAT = "dwarf-with-dsym";
				ENABLE_NS_ASSERTIONS = NO;
				ENABLE_STRICT_OBJC_MSGSEND = YES;
				ENABLE_USER_SCRIPT_SANDBOXING = YES;
				GCC_C_LANGUAGE_STANDARD = gnu17;
				GCC_NO_COMMON_BLOCKS = YES;
				GCC_WARN_64_TO_32_BIT_CONVERSION = YES;
				GCC_WARN_ABOUT_RETURN_TYPE = YES_ERROR;
				GCC_WARN_UNDECLARED_SELECTOR = YES;
				GCC_WARN_UNINITIALIZED_AUTOS = YES_AGGRESSIVE;
				GCC_WARN_UNUSED_FUNCTION = YES;
				GCC_WARN_UNUSED_VARIABLE = YES;
				IPHONEOS_DEPLOYMENT_TARGET = 17.2;
				LOCALIZATION_PREFERS_STRING_CATALOGS = YES;
				MTL_ENABLE_DEBUG_INFO = NO;
				MTL_FAST_MATH = YES;
				SDKROOT = iphoneos;
				SWIFT_COMPILATION_MODE = wholemodule;
				VALIDATE_PRODUCT = YES;
			};
			name = Release;
		};
		AEFCDAC82B8DE25900D3BACD /* Debug */ = {
			isa = XCBuildConfiguration;
			buildSettings = {
				ASSETCATALOG_COMPILER_APPICON_NAME = AppIcon;
				ASSETCATALOG_COMPILER_GLOBAL_ACCENT_COLOR_NAME = AccentColor;
				CODE_SIGN_STYLE = Automatic;
				CURRENT_PROJECT_VERSION = 1;
				DEVELOPMENT_ASSET_PATHS = "\"Discover/Preview Content\"";
				DEVELOPMENT_TEAM = PYQ785HMFH;
				ENABLE_PREVIEWS = YES;
				GENERATE_INFOPLIST_FILE = YES;
				INFOPLIST_KEY_UIApplicationSceneManifest_Generation = YES;
				INFOPLIST_KEY_UIApplicationSupportsIndirectInputEvents = YES;
				INFOPLIST_KEY_UILaunchScreen_Generation = YES;
				INFOPLIST_KEY_UISupportedInterfaceOrientations_iPad = "UIInterfaceOrientationPortrait UIInterfaceOrientationPortraitUpsideDown UIInterfaceOrientationLandscapeLeft UIInterfaceOrientationLandscapeRight";
				INFOPLIST_KEY_UISupportedInterfaceOrientations_iPhone = "UIInterfaceOrientationPortrait UIInterfaceOrientationLandscapeLeft UIInterfaceOrientationLandscapeRight";
				LD_RUNPATH_SEARCH_PATHS = (
					"$(inherited)",
					"@executable_path/Frameworks",
				);
				MARKETING_VERSION = 1.0;
				PRODUCT_BUNDLE_IDENTIFIER = TestWeek.B.Y.Discover;
				PRODUCT_NAME = "$(TARGET_NAME)";
				SWIFT_EMIT_LOC_STRINGS = YES;
				SWIFT_VERSION = 5.0;
				TARGETED_DEVICE_FAMILY = "1,2";
			};
			name = Debug;
		};
		AEFCDAC92B8DE25900D3BACD /* Release */ = {
			isa = XCBuildConfiguration;
			buildSettings = {
				ASSETCATALOG_COMPILER_APPICON_NAME = AppIcon;
				ASSETCATALOG_COMPILER_GLOBAL_ACCENT_COLOR_NAME = AccentColor;
				CODE_SIGN_STYLE = Automatic;
				CURRENT_PROJECT_VERSION = 1;
				DEVELOPMENT_ASSET_PATHS = "\"Discover/Preview Content\"";
				DEVELOPMENT_TEAM = PYQ785HMFH;
				ENABLE_PREVIEWS = YES;
				GENERATE_INFOPLIST_FILE = YES;
				INFOPLIST_KEY_UIApplicationSceneManifest_Generation = YES;
				INFOPLIST_KEY_UIApplicationSupportsIndirectInputEvents = YES;
				INFOPLIST_KEY_UILaunchScreen_Generation = YES;
				INFOPLIST_KEY_UISupportedInterfaceOrientations_iPad = "UIInterfaceOrientationPortrait UIInterfaceOrientationPortraitUpsideDown UIInterfaceOrientationLandscapeLeft UIInterfaceOrientationLandscapeRight";
				INFOPLIST_KEY_UISupportedInterfaceOrientations_iPhone = "UIInterfaceOrientationPortrait UIInterfaceOrientationLandscapeLeft UIInterfaceOrientationLandscapeRight";
				LD_RUNPATH_SEARCH_PATHS = (
					"$(inherited)",
					"@executable_path/Frameworks",
				);
				MARKETING_VERSION = 1.0;
				PRODUCT_BUNDLE_IDENTIFIER = TestWeek.B.Y.Discover;
				PRODUCT_NAME = "$(TARGET_NAME)";
				SWIFT_EMIT_LOC_STRINGS = YES;
				SWIFT_VERSION = 5.0;
				TARGETED_DEVICE_FAMILY = "1,2";
			};
			name = Release;
		};
/* End XCBuildConfiguration section */

/* Begin XCConfigurationList section */
		AEFCDAB42B8DE25900D3BACD /* Build configuration list for PBXProject "Discover" */ = {
			isa = XCConfigurationList;
			buildConfigurations = (
				AEFCDAC52B8DE25900D3BACD /* Debug */,
				AEFCDAC62B8DE25900D3BACD /* Release */,
			);
			defaultConfigurationIsVisible = 0;
			defaultConfigurationName = Release;
		};
		AEFCDAC72B8DE25900D3BACD /* Build configuration list for PBXNativeTarget "Discover" */ = {
			isa = XCConfigurationList;
			buildConfigurations = (
				AEFCDAC82B8DE25900D3BACD /* Debug */,
				AEFCDAC92B8DE25900D3BACD /* Release */,
			);
			defaultConfigurationIsVisible = 0;
			defaultConfigurationName = Release;
		};
/* End XCConfigurationList section */
	};
	rootObject = AEFCDAB12B8DE25900D3BACD /* Project object */;
}
